
Microsoft Visual Studio Solution File, Format Version 12.00
# Visual Studio Version 17
VisualStudioVersion = 17.0.31903.59
MinimumVisualStudioVersion = 10.0.40219.1
Project("{9A19103F-16F7-4668-BE54-9A1E7A4F7556}") = "2-2-BestCowLine", "2-2-BestCowLine\2-2-BestCowLine.csproj", "{9828BC9B-F353-4417-9268-DB5BA7B02C02}"
EndProject
Project("{9A19103F-16F7-4668-BE54-9A1E7A4F7556}") = "2-2-SarumansArmy", "2-2-SarumansArmy\2-2-SarumansArmy.csproj", "{373B96D5-6FFF-451D-A93D-34800CBA68B0}"
EndProject
Project("{9A19103F-16F7-4668-BE54-9A1E7A4F7556}") = "2-2-FenceRepair", "2-2-FenceRepair\2-2-FenceRepair.csproj", "{1E610B33-67A0-4B15-A275-506A13491372}"
EndProject
Project("{9A19103F-16F7-4668-BE54-9A1E7A4F7556}") = "2-3-KnapsackProblem", "2-3-KnapsackProblem\2-3-KnapsackProblem.csproj", "{471F753C-7E6B-4828-9B1B-F048D3C0503F}"
EndProject
Project("{9A19103F-16F7-4668-BE54-9A1E7A4F7556}") = "2-3-LongestCommonSubsequence", "2-3-LongestCommonSubsequence\2-3-LongestCommonSubsequence.csproj", "{69F9BB12-C30D-4449-9C4A-3BEEF62D5549}"
EndProject
Project("{FAE04EC0-301F-11D3-BF4B-00C04F79EFBC}") = "2-3-KnapsackUnlimited", "2-3-KnapsackUnlimited\2-3-KnapsackUnlimited.csproj", "{412582BB-3321-498E-A91C-72435B70945E}"
EndProject
Project("{FAE04EC0-301F-11D3-BF4B-00C04F79EFBC}") = "2-3-KnapsackProblem2", "2-3-KnapsackProblem2\2-3-KnapsackProblem2.csproj", "{3CE76F50-7FB6-488F-BD8D-AE77608BE3F8}"
EndProject
Project("{FAE04EC0-301F-11D3-BF4B-00C04F79EFBC}") = "2-3-SubsetSumUnlimited", "2-3-SubsetSumUnlimited\2-3-SubsetSumUnlimited.csproj", "{47CE2E10-8CDB-40CC-8E8E-A2EE572A1F5D}"
EndProject
Project("{FAE04EC0-301F-11D3-BF4B-00C04F79EFBC}") = "2-3-LongestIncreasingSubsequence", "2-3-LongestIncreasingSubsequence\2-3-LongestIncreasingSubsequence.csproj", "{7EA38405-6B88-4689-BD12-E0E315AA71C6}"
EndProject
Project("{FAE04EC0-301F-11D3-BF4B-00C04F79EFBC}") = "2-3-PartitionFunction", "2-3-PartitionFunction\2-3-PartitionFunction.csproj", "{49D25A70-7393-44F6-AC67-8D25885CCA42}"
EndProject
Project("{FAE04EC0-301F-11D3-BF4B-00C04F79EFBC}") = "2-3-CombinationWithRepetition", "2-3-CombinationWithRepetition\2-3-CombinationWithRepetition.csproj", "{7F67EFB5-3759-4731-A352-DF8E3911CF8A}"
EndProject
Project("{FAE04EC0-301F-11D3-BF4B-00C04F79EFBC}") = "CSharpStl", "CSharpStl\CSharpStl.csproj", "{D330BA3B-11AB-4F60-B773-42DF08D5FC14}"
EndProject
Project("{FAE04EC0-301F-11D3-BF4B-00C04F79EFBC}") = "2-4-Expedition", "2-4-Expedition\2-4-Expedition.csproj", "{990C280D-499B-4946-8B7B-1B399E38DE7F}"
EndProject
Global
	GlobalSection(SolutionConfigurationPlatforms) = preSolution
		Debug|Any CPU = Debug|Any CPU
		Release|Any CPU = Release|Any CPU
	EndGlobalSection
	GlobalSection(ProjectConfigurationPlatforms) = postSolution
		{9828BC9B-F353-4417-9268-DB5BA7B02C02}.Debug|Any CPU.ActiveCfg = Debug|Any CPU
		{9828BC9B-F353-4417-9268-DB5BA7B02C02}.Debug|Any CPU.Build.0 = Debug|Any CPU
		{9828BC9B-F353-4417-9268-DB5BA7B02C02}.Release|Any CPU.ActiveCfg = Release|Any CPU
		{9828BC9B-F353-4417-9268-DB5BA7B02C02}.Release|Any CPU.Build.0 = Release|Any CPU
		{373B96D5-6FFF-451D-A93D-34800CBA68B0}.Debug|Any CPU.ActiveCfg = Debug|Any CPU
		{373B96D5-6FFF-451D-A93D-34800CBA68B0}.Debug|Any CPU.Build.0 = Debug|Any CPU
		{373B96D5-6FFF-451D-A93D-34800CBA68B0}.Release|Any CPU.ActiveCfg = Release|Any CPU
		{373B96D5-6FFF-451D-A93D-34800CBA68B0}.Release|Any CPU.Build.0 = Release|Any CPU
		{1E610B33-67A0-4B15-A275-506A13491372}.Debug|Any CPU.ActiveCfg = Debug|Any CPU
		{1E610B33-67A0-4B15-A275-506A13491372}.Debug|Any CPU.Build.0 = Debug|Any CPU
		{1E610B33-67A0-4B15-A275-506A13491372}.Release|Any CPU.ActiveCfg = Release|Any CPU
		{1E610B33-67A0-4B15-A275-506A13491372}.Release|Any CPU.Build.0 = Release|Any CPU
		{471F753C-7E6B-4828-9B1B-F048D3C0503F}.Debug|Any CPU.ActiveCfg = Debug|Any CPU
		{471F753C-7E6B-4828-9B1B-F048D3C0503F}.Debug|Any CPU.Build.0 = Debug|Any CPU
		{471F753C-7E6B-4828-9B1B-F048D3C0503F}.Release|Any CPU.ActiveCfg = Release|Any CPU
		{471F753C-7E6B-4828-9B1B-F048D3C0503F}.Release|Any CPU.Build.0 = Release|Any CPU
		{69F9BB12-C30D-4449-9C4A-3BEEF62D5549}.Debug|Any CPU.ActiveCfg = Debug|Any CPU
		{69F9BB12-C30D-4449-9C4A-3BEEF62D5549}.Debug|Any CPU.Build.0 = Debug|Any CPU
		{69F9BB12-C30D-4449-9C4A-3BEEF62D5549}.Release|Any CPU.ActiveCfg = Release|Any CPU
		{69F9BB12-C30D-4449-9C4A-3BEEF62D5549}.Release|Any CPU.Build.0 = Release|Any CPU
		{412582BB-3321-498E-A91C-72435B70945E}.Debug|Any CPU.ActiveCfg = Debug|Any CPU
		{412582BB-3321-498E-A91C-72435B70945E}.Debug|Any CPU.Build.0 = Debug|Any CPU
		{412582BB-3321-498E-A91C-72435B70945E}.Release|Any CPU.ActiveCfg = Release|Any CPU
		{412582BB-3321-498E-A91C-72435B70945E}.Release|Any CPU.Build.0 = Release|Any CPU
		{3CE76F50-7FB6-488F-BD8D-AE77608BE3F8}.Debug|Any CPU.ActiveCfg = Debug|Any CPU
		{3CE76F50-7FB6-488F-BD8D-AE77608BE3F8}.Debug|Any CPU.Build.0 = Debug|Any CPU
		{3CE76F50-7FB6-488F-BD8D-AE77608BE3F8}.Release|Any CPU.ActiveCfg = Release|Any CPU
		{3CE76F50-7FB6-488F-BD8D-AE77608BE3F8}.Release|Any CPU.Build.0 = Release|Any CPU
		{47CE2E10-8CDB-40CC-8E8E-A2EE572A1F5D}.Debug|Any CPU.ActiveCfg = Debug|Any CPU
		{47CE2E10-8CDB-40CC-8E8E-A2EE572A1F5D}.Debug|Any CPU.Build.0 = Debug|Any CPU
		{47CE2E10-8CDB-40CC-8E8E-A2EE572A1F5D}.Release|Any CPU.ActiveCfg = Release|Any CPU
		{47CE2E10-8CDB-40CC-8E8E-A2EE572A1F5D}.Release|Any CPU.Build.0 = Release|Any CPU
		{7EA38405-6B88-4689-BD12-E0E315AA71C6}.Debug|Any CPU.ActiveCfg = Debug|Any CPU
		{7EA38405-6B88-4689-BD12-E0E315AA71C6}.Debug|Any CPU.Build.0 = Debug|Any CPU
		{7EA38405-6B88-4689-BD12-E0E315AA71C6}.Release|Any CPU.ActiveCfg = Release|Any CPU
		{7EA38405-6B88-4689-BD12-E0E315AA71C6}.Release|Any CPU.Build.0 = Release|Any CPU
		{49D25A70-7393-44F6-AC67-8D25885CCA42}.Debug|Any CPU.ActiveCfg = Debug|Any CPU
		{49D25A70-7393-44F6-AC67-8D25885CCA42}.Debug|Any CPU.Build.0 = Debug|Any CPU
		{49D25A70-7393-44F6-AC67-8D25885CCA42}.Release|Any CPU.ActiveCfg = Release|Any CPU
		{49D25A70-7393-44F6-AC67-8D25885CCA42}.Release|Any CPU.Build.0 = Release|Any CPU
		{7F67EFB5-3759-4731-A352-DF8E3911CF8A}.Debug|Any CPU.ActiveCfg = Debug|Any CPU
		{7F67EFB5-3759-4731-A352-DF8E3911CF8A}.Debug|Any CPU.Build.0 = Debug|Any CPU
		{7F67EFB5-3759-4731-A352-DF8E3911CF8A}.Release|Any CPU.ActiveCfg = Release|Any CPU
		{7F67EFB5-3759-4731-A352-DF8E3911CF8A}.Release|Any CPU.Build.0 = Release|Any CPU
		{D330BA3B-11AB-4F60-B773-42DF08D5FC14}.Debug|Any CPU.ActiveCfg = Debug|Any CPU
		{D330BA3B-11AB-4F60-B773-42DF08D5FC14}.Debug|Any CPU.Build.0 = Debug|Any CPU
		{D330BA3B-11AB-4F60-B773-42DF08D5FC14}.Release|Any CPU.ActiveCfg = Release|Any CPU
		{D330BA3B-11AB-4F60-B773-42DF08D5FC14}.Release|Any CPU.Build.0 = Release|Any CPU
		{990C280D-499B-4946-8B7B-1B399E38DE7F}.Debug|Any CPU.ActiveCfg = Debug|Any CPU
		{990C280D-499B-4946-8B7B-1B399E38DE7F}.Debug|Any CPU.Build.0 = Debug|Any CPU
		{990C280D-499B-4946-8B7B-1B399E38DE7F}.Release|Any CPU.ActiveCfg = Release|Any CPU
		{990C280D-499B-4946-8B7B-1B399E38DE7F}.Release|Any CPU.Build.0 = Release|Any CPU
	EndGlobalSection
	GlobalSection(SolutionProperties) = preSolution
		HideSolutionNode = FALSE
	EndGlobalSection
	GlobalSection(ExtensibilityGlobals) = postSolution
		SolutionGuid = {FDA32932-54C0-4C1B-A85B-2F734052E307}
	EndGlobalSection
EndGlobal
